
Microsoft Visual Studio Solution File, Format Version 12.00
# Visual Studio Version 17
VisualStudioVersion = 17.4.33103.184
MinimumVisualStudioVersion = 10.0.40219.1
Project("{FAE04EC0-301F-11D3-BF4B-00C04F79EFBC}") = "CalculationLibrary", "CalculationLibrary\CalculationLibrary.csproj", "{3D42AB4A-7D13-4AB6-9D46-294E1AE5E48E}"
EndProject
Project("{FAE04EC0-301F-11D3-BF4B-00C04F79EFBC}") = "CalculationsLibrary.Test", "CalculationsLibrary.Test\CalculationsLibrary.Test.csproj", "{DFC4DB65-D998-4B3D-8B36-532356866046}"
EndProject
Global
	GlobalSection(SolutionConfigurationPlatforms) = preSolution
		Debug|Any CPU = Debug|Any CPU
		Release|Any CPU = Release|Any CPU
	EndGlobalSection
	GlobalSection(ProjectConfigurationPlatforms) = postSolution
		{3D42AB4A-7D13-4AB6-9D46-294E1AE5E48E}.Debug|Any CPU.ActiveCfg = Debug|Any CPU
		{3D42AB4A-7D13-4AB6-9D46-294E1AE5E48E}.Debug|Any CPU.Build.0 = Debug|Any CPU
		{3D42AB4A-7D13-4AB6-9D46-294E1AE5E48E}.Release|Any CPU.ActiveCfg = Release|Any CPU
		{3D42AB4A-7D13-4AB6-9D46-294E1AE5E48E}.Release|Any CPU.Build.0 = Release|Any CPU
		{DFC4DB65-D998-4B3D-8B36-532356866046}.Debug|Any CPU.ActiveCfg = Debug|Any CPU
		{DFC4DB65-D998-4B3D-8B36-532356866046}.Debug|Any CPU.Build.0 = Debug|Any CPU
		{DFC4DB65-D998-4B3D-8B36-532356866046}.Release|Any CPU.ActiveCfg = Release|Any CPU
		{DFC4DB65-D998-4B3D-8B36-532356866046}.Release|Any CPU.Build.0 = Release|Any CPU
	EndGlobalSection
	GlobalSection(SolutionProperties) = preSolution
		HideSolutionNode = FALSE
	EndGlobalSection
	GlobalSection(ExtensibilityGlobals) = postSolution
		SolutionGuid = {127695BB-EF52-4616-8F72-DBD695CCE1F0}
	EndGlobalSection
EndGlobal
